
Microsoft Visual Studio Solution File, Format Version 11.00
# Visual Studio 2010 Express for Windows Phone
Project("{FAE04EC0-301F-11D3-BF4B-00C04F79EFBC}") = "WPDrumkit", "WPDrumkit\WPDrumkit\WPDrumkit.csproj", "{54669492-97BF-47E9-A199-AEB7F3B624A5}"
EndProject
Project("{96E2B04D-8817-42C6-938A-82C39BA4D311}") = "WPDrumkitContent", "WPDrumkit\WPDrumkitContent\WPDrumkitContent.contentproj", "{EFABC865-B5C5-4AF8-9973-7558C0E94CC1}"
EndProject
Global
	GlobalSection(SolutionConfigurationPlatforms) = preSolution
		Debug|Windows Phone = Debug|Windows Phone
		Release|Windows Phone = Release|Windows Phone
	EndGlobalSection
	GlobalSection(ProjectConfigurationPlatforms) = postSolution
		{54669492-97BF-47E9-A199-AEB7F3B624A5}.Debug|Windows Phone.ActiveCfg = Debug|Windows Phone
		{54669492-97BF-47E9-A199-AEB7F3B624A5}.Debug|Windows Phone.Build.0 = Debug|Windows Phone
		{54669492-97BF-47E9-A199-AEB7F3B624A5}.Debug|Windows Phone.Deploy.0 = Debug|Windows Phone
		{54669492-97BF-47E9-A199-AEB7F3B624A5}.Release|Windows Phone.ActiveCfg = Release|Windows Phone
		{54669492-97BF-47E9-A199-AEB7F3B624A5}.Release|Windows Phone.Build.0 = Release|Windows Phone
		{54669492-97BF-47E9-A199-AEB7F3B624A5}.Release|Windows Phone.Deploy.0 = Release|Windows Phone
		{EFABC865-B5C5-4AF8-9973-7558C0E94CC1}.Debug|Windows Phone.ActiveCfg = Debug|Windows Phone
		{EFABC865-B5C5-4AF8-9973-7558C0E94CC1}.Release|Windows Phone.ActiveCfg = Release|Windows Phone
	EndGlobalSection
	GlobalSection(SolutionProperties) = preSolution
		HideSolutionNode = FALSE
	EndGlobalSection
EndGlobal
